
Microsoft Visual Studio Solution File, Format Version 12.00
# Visual Studio Version 17
VisualStudioVersion = 17.9.34902.65
MinimumVisualStudioVersion = 10.0.40219.1
Project("{8BC9CEB8-8B4A-11D0-8D11-00A0C91BC942}") = "变量和常量、算术运算、关系运算", "变量、产量、算术运算、关系运算\变量、产量、算术运算、关系运算.vcxproj", "{9D3B3D4E-6374-4F93-824A-1D35AB72A9D4}"
EndProject
Global
	GlobalSection(SolutionConfigurationPlatforms) = preSolution
		Debug|x64 = Debug|x64
		Debug|x86 = Debug|x86
		Release|x64 = Release|x64
		Release|x86 = Release|x86
	EndGlobalSection
	GlobalSection(ProjectConfigurationPlatforms) = postSolution
		{9D3B3D4E-6374-4F93-824A-1D35AB72A9D4}.Debug|x64.ActiveCfg = Debug|x64
		{9D3B3D4E-6374-4F93-824A-1D35AB72A9D4}.Debug|x64.Build.0 = Debug|x64
		{9D3B3D4E-6374-4F93-824A-1D35AB72A9D4}.Debug|x86.ActiveCfg = Debug|Win32
		{9D3B3D4E-6374-4F93-824A-1D35AB72A9D4}.Debug|x86.Build.0 = Debug|Win32
		{9D3B3D4E-6374-4F93-824A-1D35AB72A9D4}.Release|x64.ActiveCfg = Release|x64
		{9D3B3D4E-6374-4F93-824A-1D35AB72A9D4}.Release|x64.Build.0 = Release|x64
		{9D3B3D4E-6374-4F93-824A-1D35AB72A9D4}.Release|x86.ActiveCfg = Release|Win32
		{9D3B3D4E-6374-4F93-824A-1D35AB72A9D4}.Release|x86.Build.0 = Release|Win32
	EndGlobalSection
	GlobalSection(SolutionProperties) = preSolution
		HideSolutionNode = FALSE
	EndGlobalSection
	GlobalSection(ExtensibilityGlobals) = postSolution
		SolutionGuid = {77ED5FE9-7308-4347-9B51-63D0137BA15C}
	EndGlobalSection
EndGlobal
